PODS:
  - Flutter (1.0.0)
  - flutter_inappwebview (0.0.1):
    - Flutter
    - flutter_inappwebview/Core (= 0.0.1)
    - OrderedSet (~> 5.0)
  - flutter_inappwebview/Core (0.0.1):
    - Flutter
    - OrderedSet (~> 5.0)
  - OrderedSet (5.0.0)
  - path_provider_foundation (0.0.1):
    - Flutter
    - FlutterMacOS
  - payu_checkoutpro_flutter (1.0.1):
    - Flutter
    - PayUIndia-CheckoutPro (~> 5.4)
  - PayUIndia-Analytics (3.0.0):
    - PayUIndia-NetworkReachability (~> 1.0)
  - PayUIndia-AssetLibrary (3.3.0)
  - PayUIndia-CardScanner (1.0.0)
  - PayUIndia-CheckoutPro (5.7.0):
    - PayUIndia-Analytics (= 3.0)
    - PayUIndia-AssetLibrary (~> 3.3)
    - PayUIndia-CardScanner (~> 1.0)
    - PayUIndia-CheckoutProBase (~> 5.7)
    - PayUIndia-CrashReporter (~> 2.1)
    - PayUIndia-Custom-Browser (~> 9.2)
    - PayUIndia-NativeOtpAssist (~> 2.1)
    - PayUIndia-NetworkReachability (~> 1.0)
    - PayUIndia-PayUParams (~> 4.6)
    - PayUIndia-PG-SDK (~> 9.0)
    - PayUIndia-UPICore (~> 7.1)
  - PayUIndia-CheckoutProBase (5.7.0):
    - PayUIndia-PayUParams (~> 4.6)
  - PayUIndia-CrashReporter (2.1.0)
  - PayUIndia-Custom-Browser (9.2.0):
    - PayUIndia-Analytics (= 3.0)
  - PayUIndia-Logger (4.0.0)
  - PayUIndia-NativeOtpAssist (2.1.3):
    - PayUIndia-Analytics (~> 3.0)
    - PayUIndia-CrashReporter (~> 2.1)
    - PayUIndia-NetworkReachability (~> 1.0)
    - PayUIndia-PayUParams (~> 4.5)
  - PayUIndia-Networking (4.0.0):
    - PayUIndia-Logger (= 4.0.0)
  - PayUIndia-NetworkReachability (1.0.1)
  - PayUIndia-PayUParams (4.7.0)
  - PayUIndia-PG-SDK (9.1.0):
    - PayUIndia-CrashReporter (~> 2.1)
    - PayUIndia-NetworkReachability (~> 1.0)
    - PayUIndia-PayUParams (~> 4.7)
  - PayUIndia-UPICore (7.1.1):
    - PayUIndia-Networking (~> 4.0)
    - PayUIndia-PayUParams (~> 4.5)
  - shared_preferences_foundation (0.0.1):
    - Flutter
    - FlutterMacOS
  - webview_flutter_wkwebview (0.0.1):
    - Flutter

DEPENDENCIES:
  - Flutter (from `Flutter`)
  - flutter_inappwebview (from `.symlinks/plugins/flutter_inappwebview/ios`)
  - path_provider_foundation (from `.symlinks/plugins/path_provider_foundation/ios`)
  - payu_checkoutpro_flutter (from `.symlinks/plugins/payu_checkoutpro_flutter/ios`)
  - shared_preferences_foundation (from `.symlinks/plugins/shared_preferences_foundation/ios`)
  - webview_flutter_wkwebview (from `.symlinks/plugins/webview_flutter_wkwebview/ios`)

SPEC REPOS:
  trunk:
    - OrderedSet
    - PayUIndia-Analytics
    - PayUIndia-AssetLibrary
    - PayUIndia-CardScanner
    - PayUIndia-CheckoutPro
    - PayUIndia-CheckoutProBase
    - PayUIndia-CrashReporter
    - PayUIndia-Custom-Browser
    - PayUIndia-Logger
    - PayUIndia-NativeOtpAssist
    - PayUIndia-Networking
    - PayUIndia-NetworkReachability
    - PayUIndia-PayUParams
    - PayUIndia-PG-SDK
    - PayUIndia-UPICore

EXTERNAL SOURCES:
  Flutter:
    :path: Flutter
  flutter_inappwebview:
    :path: ".symlinks/plugins/flutter_inappwebview/ios"
  path_provider_foundation:
    :path: ".symlinks/plugins/path_provider_foundation/ios"
  payu_checkoutpro_flutter:
    :path: ".symlinks/plugins/payu_checkoutpro_flutter/ios"
  shared_preferences_foundation:
    :path: ".symlinks/plugins/shared_preferences_foundation/ios"
  webview_flutter_wkwebview:
    :path: ".symlinks/plugins/webview_flutter_wkwebview/ios"

SPEC CHECKSUMS:
  Flutter: f04841e97a9d0b0a8025694d0796dd46242b2854
  flutter_inappwebview: bfd58618f49dc62f2676de690fc6dcda1d6c3721
  OrderedSet: aaeb196f7fef5a9edf55d89760da9176ad40b93c
  path_provider_foundation: c68054786f1b4f3343858c1e1d0caaded73f0be9
  payu_checkoutpro_flutter: a10ec93baacaa479416309f857570930ceb26728
  PayUIndia-Analytics: a23768b29283ef781783f38a99c1cf2235020d58
  PayUIndia-AssetLibrary: d72c575888a38b1f172fcda4e7eac1cdb3ded908
  PayUIndia-CardScanner: 42a10e1112f1bc954fdb407dd6de472fbf31fa27
  PayUIndia-CheckoutPro: 4ab19f42fc6b8c6a73cac8e7dc0199ea98cfbcd5
  PayUIndia-CheckoutProBase: e1288da96e668b0edf20a150362cfb3f1200c434
  PayUIndia-CrashReporter: 597caf134e85f9b3bde7d2045cae2def1b86c544
  PayUIndia-Custom-Browser: a59cd7aa369664e1b6d212c1124d78ee2c5e98bc
  PayUIndia-Logger: e353d9dd576bac593e428dfbadedf337cbb48b78
  PayUIndia-NativeOtpAssist: 2ee7c1d055d97a1b30313bc883b7c4a10ca8ef27
  PayUIndia-Networking: bf53f743484256303e24d4e763e6097f04af769c
  PayUIndia-NetworkReachability: 99e69781b3be99d7b713075ab7b73e6d73a153e4
  PayUIndia-PayUParams: ccbe8b24328efae18e494b129c71761d5e3c4335
  PayUIndia-PG-SDK: 4d01dcbd29259f778eca78ae780b3022b4ab44b1
  PayUIndia-UPICore: 5b1e5e4acbfff3fc5fa253c9219b7e1deb89bd41
  shared_preferences_foundation: 986fc17f3d3251412d18b0265f9c64113a8c2472
  webview_flutter_wkwebview: b7e70ef1ddded7e69c796c7390ee74180182971f

PODFILE CHECKSUM: ef19549a9bc3046e7bb7d2fab4d021637c0c58a3

COCOAPODS: 1.12.0
